{
  "version": 4,
  "terraform_version": "1.3.6",
  "serial": 29,
  "lineage": "b90e1797-8f72-0e43-8d25-b8b8602f56e7",
  "outputs": {
    "revision": {
      "value": "test143-ppk68",
      "type": "string"
    },
    "service_id": {
      "value": "locations/asia-east1/namespaces/ascendant-timer-350911/services/test143",
      "type": "string"
    },
    "service_location": {
      "value": "asia-east1",
      "type": "string"
    },
    "service_name": {
      "value": "test143",
      "type": "string"
    },
    "service_status": {
      "value": "Ready",
      "type": "string"
    },
    "service_url": {
      "value": "https://test143-k2s5tvqcfa-de.a.run.app",
      "type": "string"
    }
  },
  "resources": [
    {
      "module": "module.cloud_run",
      "mode": "managed",
      "type": "google_cloud_run_service",
      "name": "main",
      "provider": "provider[\"registry.terraform.io/hashicorp/google-beta\"]",
      "instances": [
        {
          "schema_version": 1,
          "attributes": {
            "autogenerate_revision_name": true,
            "id": "locations/asia-east1/namespaces/ascendant-timer-350911/services/test143",
            "location": "asia-east1",
            "metadata": [
              {
                "annotations": {
                  "run.googleapis.com/ingress": "internal",
                  "run.googleapis.com/ingress-status": "internal",
                  "serving.knative.dev/creator": "gcpdevops1213@gmail.com",
                  "serving.knative.dev/lastModifier": "gcpdevops1213@gmail.com"
                },
                "generation": 1,
                "labels": {
                  "cloud.googleapis.com/location": "asia-east1"
                },
                "namespace": "ascendant-timer-350911",
                "resource_version": "AAXvUE/etsw",
                "self_link": "/apis/serving.knative.dev/v1/namespaces/1067777676421/services/test143",
                "uid": "f3ef22c6-3b38-4b00-a73e-bc29bdc31ab0"
              }
            ],
            "name": "test143",
            "project": "ascendant-timer-350911",
            "status": [
              {
                "conditions": [
                  {
                    "message": "",
                    "reason": "",
                    "status": "True",
                    "type": "Ready"
                  },
                  {
                    "message": "",
                    "reason": "",
                    "status": "True",
                    "type": "ConfigurationsReady"
                  },
                  {
                    "message": "",
                    "reason": "",
                    "status": "True",
                    "type": "RoutesReady"
                  }
                ],
                "latest_created_revision_name": "test143-ppk68",
                "latest_ready_revision_name": "test143-ppk68",
                "observed_generation": 1,
                "url": "https://test143-k2s5tvqcfa-de.a.run.app"
              }
            ],
            "template": [
              {
                "metadata": [
                  {
                    "annotations": {
                      "autoscaling.knative.dev/maxScale": "2",
                      "autoscaling.knative.dev/minScale": "1",
                      "generated-by": "terraform",
                      "run.googleapis.com/client-name": "terraform",
                      "run.googleapis.com/cloudsql-instances": "ascendant-timer-350911:us-central1:mysql-instance-1"
                    },
                    "generation": 0,
                    "labels": {},
                    "name": "",
                    "namespace": "",
                    "resource_version": "",
                    "self_link": "",
                    "uid": ""
                  }
                ],
                "spec": [
                  {
                    "container_concurrency": 80,
                    "containers": [
                      {
                        "args": [],
                        "command": [],
                        "env": [],
                        "env_from": [],
                        "image": "us-docker.pkg.dev/cloudrun/container/hello@sha256:2e70803dbc92a7bffcee3af54b5d264b23a6096f304f00d63b7d1e177e40986c",
                        "ports": [
                          {
                            "container_port": 8080,
                            "name": "http1",
                            "protocol": ""
                          }
                        ],
                        "resources": [
                          {
                            "limits": {
                              "cpu": "1000m",
                              "memory": "512Mi"
                            },
                            "requests": {}
                          }
                        ],
                        "volume_mounts": [],
                        "working_dir": ""
                      }
                    ],
                    "service_account_name": "1067777676421-compute@developer.gserviceaccount.com",
                    "serving_state": "",
                    "timeout_seconds": 120,
                    "volumes": []
                  }
                ]
              }
            ],
            "timeouts": null,
            "traffic": [
              {
                "latest_revision": true,
                "percent": 100,
                "revision_name": ""
              }
            ]
          },
          "sensitive_attributes": [],
          "private": "eyJlMmJmYjczMC1lY2FhLTExZTYtOGY4OC0zNDM2M2JjN2M0YzAiOnsiY3JlYXRlIjozNjAwMDAwMDAwMDAsImRlbGV0ZSI6MjQwMDAwMDAwMDAwLCJ1cGRhdGUiOjkwMDAwMDAwMDAwMH0sInNjaGVtYV92ZXJzaW9uIjoiMSJ9"
        }
      ]
    },
    {
      "module": "module.cloud_run",
      "mode": "managed",
      "type": "google_cloud_run_service_iam_member",
      "name": "authorize",
      "provider": "provider[\"registry.terraform.io/hashicorp/google\"]",
      "instances": [
        {
          "index_key": 0,
          "schema_version": 0,
          "attributes": {
            "condition": [],
            "etag": "BwXvtQRIimI=",
            "id": "v1/projects/ascendant-timer-350911/locations/asia-east1/services/test143/roles/run.invoker/allUsers",
            "location": "asia-east1",
            "member": "allUsers",
            "project": "ascendant-timer-350911",
            "role": "roles/run.invoker",
            "service": "v1/projects/ascendant-timer-350911/locations/asia-east1/services/test143"
          },
          "sensitive_attributes": [],
          "private": "bnVsbA==",
          "dependencies": [
            "module.cloud_run.google_cloud_run_service.main"
          ]
        }
      ]
    },
    {
      "module": "module.service_account",
      "mode": "managed",
      "type": "google_service_account",
      "name": "service_accounts",
      "provider": "provider[\"registry.terraform.io/hashicorp/google\"]",
      "instances": [
        {
          "index_key": "simple",
          "schema_version": 0,
          "attributes": {
            "account_id": "sa-cloud-run-simple",
            "description": "",
            "disabled": false,
            "display_name": "Terraform-managed service account",
            "email": "sa-cloud-run-simple@ascendant-timer-350911.iam.gserviceaccount.com",
            "id": "projects/ascendant-timer-350911/serviceAccounts/sa-cloud-run-simple@ascendant-timer-350911.iam.gserviceaccount.com",
            "name": "projects/ascendant-timer-350911/serviceAccounts/sa-cloud-run-simple@ascendant-timer-350911.iam.gserviceaccount.com",
            "project": "ascendant-timer-350911",
            "timeouts": null,
            "unique_id": "106061563238144395008"
          },
          "sensitive_attributes": [],
          "private": "eyJlMmJmYjczMC1lY2FhLTExZTYtOGY4OC0zNDM2M2JjN2M0YzAiOnsiY3JlYXRlIjozMDAwMDAwMDAwMDB9fQ=="
        }
      ]
    }
  ],
  "check_results": null
}
